Microsoft Visual Studio Solution File, Format Version 12.00
# Visual Studio Version 17
VisualStudioVersion = 17.5.2.0
MinimumVisualStudioVersion = 10.0.40219.1
Project("{FAE04EC0-301F-11D3-BF4B-00C04F79EFBC}") = "ObserverDesignPattern", "ObserverDesignPattern.csproj", "{5974CC52-BA57-CC39-08EF-F33667D05DCC}"
EndProject
Global
	GlobalSection(SolutionConfigurationPlatforms) = preSolution
		Debug|Any CPU = Debug|Any CPU
		Release|Any CPU = Release|Any CPU
	EndGlobalSection
	GlobalSection(ProjectConfigurationPlatforms) = postSolution
		{5974CC52-BA57-CC39-08EF-F33667D05DCC}.Debug|Any CPU.ActiveCfg = Debug|Any CPU
		{5974CC52-BA57-CC39-08EF-F33667D05DCC}.Debug|Any CPU.Build.0 = Debug|Any CPU
		{5974CC52-BA57-CC39-08EF-F33667D05DCC}.Release|Any CPU.ActiveCfg = Release|Any CPU
		{5974CC52-BA57-CC39-08EF-F33667D05DCC}.Release|Any CPU.Build.0 = Release|Any CPU
	EndGlobalSection
	GlobalSection(SolutionProperties) = preSolution
		HideSolutionNode = FALSE
	EndGlobalSection
	GlobalSection(ExtensibilityGlobals) = postSolution
		SolutionGuid = {8BCEEB0A-2A8F-44DC-BC9E-C4314A90D7C0}
	EndGlobalSection
EndGlobal
